
Microsoft Visual Studio Solution File, Format Version 12.00
# Visual Studio Version 17
VisualStudioVersion = 17.11.35222.181
MinimumVisualStudioVersion = 10.0.40219.1
Project("{8BC9CEB8-8B4A-11D0-8D11-00A0C91BC942}") = "Laba1", "Laba1\Laba1.vcxproj", "{CB2E707A-166E-4E5F-9CFA-E05108D08B36}"
EndProject
Global
	GlobalSection(SolutionConfigurationPlatforms) = preSolution
		Debug|x64 = Debug|x64
		Debug|x86 = Debug|x86
		Release|x64 = Release|x64
		Release|x86 = Release|x86
	EndGlobalSection
	GlobalSection(ProjectConfigurationPlatforms) = postSolution
		{CB2E707A-166E-4E5F-9CFA-E05108D08B36}.Debug|x64.ActiveCfg = Debug|x64
		{CB2E707A-166E-4E5F-9CFA-E05108D08B36}.Debug|x64.Build.0 = Debug|x64
		{CB2E707A-166E-4E5F-9CFA-E05108D08B36}.Debug|x86.ActiveCfg = Debug|Win32
		{CB2E707A-166E-4E5F-9CFA-E05108D08B36}.Debug|x86.Build.0 = Debug|Win32
		{CB2E707A-166E-4E5F-9CFA-E05108D08B36}.Release|x64.ActiveCfg = Release|x64
		{CB2E707A-166E-4E5F-9CFA-E05108D08B36}.Release|x64.Build.0 = Release|x64
		{CB2E707A-166E-4E5F-9CFA-E05108D08B36}.Release|x86.ActiveCfg = Release|Win32
		{CB2E707A-166E-4E5F-9CFA-E05108D08B36}.Release|x86.Build.0 = Release|Win32
	EndGlobalSection
	GlobalSection(SolutionProperties) = preSolution
		HideSolutionNode = FALSE
	EndGlobalSection
	GlobalSection(ExtensibilityGlobals) = postSolution
		SolutionGuid = {15F79A38-C1C3-40CE-96BF-2F5F0907CF82}
	EndGlobalSection
EndGlobal
