
Microsoft Visual Studio Solution File, Format Version 12.00
# Visual Studio Version 17
VisualStudioVersion = 17.11.35222.181
MinimumVisualStudioVersion = 10.0.40219.1
Project("{8BC9CEB8-8B4A-11D0-8D11-00A0C91BC942}") = "lab8", "lab8\lab8.vcxproj", "{945F81CB-BBBD-4E89-B641-C0902F3A4D2C}"
EndProject
Global
	GlobalSection(SolutionConfigurationPlatforms) = preSolution
		Debug|x64 = Debug|x64
		Debug|x86 = Debug|x86
		Release|x64 = Release|x64
		Release|x86 = Release|x86
	EndGlobalSection
	GlobalSection(ProjectConfigurationPlatforms) = postSolution
		{945F81CB-BBBD-4E89-B641-C0902F3A4D2C}.Debug|x64.ActiveCfg = Debug|x64
		{945F81CB-BBBD-4E89-B641-C0902F3A4D2C}.Debug|x64.Build.0 = Debug|x64
		{945F81CB-BBBD-4E89-B641-C0902F3A4D2C}.Debug|x86.ActiveCfg = Debug|Win32
		{945F81CB-BBBD-4E89-B641-C0902F3A4D2C}.Debug|x86.Build.0 = Debug|Win32
		{945F81CB-BBBD-4E89-B641-C0902F3A4D2C}.Release|x64.ActiveCfg = Release|x64
		{945F81CB-BBBD-4E89-B641-C0902F3A4D2C}.Release|x64.Build.0 = Release|x64
		{945F81CB-BBBD-4E89-B641-C0902F3A4D2C}.Release|x86.ActiveCfg = Release|Win32
		{945F81CB-BBBD-4E89-B641-C0902F3A4D2C}.Release|x86.Build.0 = Release|Win32
	EndGlobalSection
	GlobalSection(SolutionProperties) = preSolution
		HideSolutionNode = FALSE
	EndGlobalSection
	GlobalSection(ExtensibilityGlobals) = postSolution
		SolutionGuid = {D9FD86A2-4E91-4D1C-B2DC-6A8338BC500D}
	EndGlobalSection
EndGlobal
