
Microsoft Visual Studio Solution File, Format Version 12.00
# Visual Studio Version 17
VisualStudioVersion = 17.11.35222.181
MinimumVisualStudioVersion = 10.0.40219.1
Project("{8BC9CEB8-8B4A-11D0-8D11-00A0C91BC942}") = "Lab5", "Lab5\Lab5.vcxproj", "{28E46571-52D7-42E0-A54E-2AAEB00B51BA}"
EndProject
Global
	GlobalSection(SolutionConfigurationPlatforms) = preSolution
		Debug|x64 = Debug|x64
		Debug|x86 = Debug|x86
		Release|x64 = Release|x64
		Release|x86 = Release|x86
	EndGlobalSection
	GlobalSection(ProjectConfigurationPlatforms) = postSolution
		{28E46571-52D7-42E0-A54E-2AAEB00B51BA}.Debug|x64.ActiveCfg = Debug|x64
		{28E46571-52D7-42E0-A54E-2AAEB00B51BA}.Debug|x64.Build.0 = Debug|x64
		{28E46571-52D7-42E0-A54E-2AAEB00B51BA}.Debug|x86.ActiveCfg = Debug|Win32
		{28E46571-52D7-42E0-A54E-2AAEB00B51BA}.Debug|x86.Build.0 = Debug|Win32
		{28E46571-52D7-42E0-A54E-2AAEB00B51BA}.Release|x64.ActiveCfg = Release|x64
		{28E46571-52D7-42E0-A54E-2AAEB00B51BA}.Release|x64.Build.0 = Release|x64
		{28E46571-52D7-42E0-A54E-2AAEB00B51BA}.Release|x86.ActiveCfg = Release|Win32
		{28E46571-52D7-42E0-A54E-2AAEB00B51BA}.Release|x86.Build.0 = Release|Win32
	EndGlobalSection
	GlobalSection(SolutionProperties) = preSolution
		HideSolutionNode = FALSE
	EndGlobalSection
	GlobalSection(ExtensibilityGlobals) = postSolution
		SolutionGuid = {A7DCE6D0-1A0D-41CA-8330-E93FBDC89F78}
	EndGlobalSection
EndGlobal
