
Microsoft Visual Studio Solution File, Format Version 12.00
# Visual Studio Version 17
VisualStudioVersion = 17.11.35222.181
MinimumVisualStudioVersion = 10.0.40219.1
Project("{8BC9CEB8-8B4A-11D0-8D11-00A0C91BC942}") = "laba6", "laba6.vcxproj", "{FFDFA9C2-4379-4955-97B4-754812CF22AB}"
EndProject
Global
	GlobalSection(SolutionConfigurationPlatforms) = preSolution
		Debug|x64 = Debug|x64
		Debug|x86 = Debug|x86
		Release|x64 = Release|x64
		Release|x86 = Release|x86
	EndGlobalSection
	GlobalSection(ProjectConfigurationPlatforms) = postSolution
		{FFDFA9C2-4379-4955-97B4-754812CF22AB}.Debug|x64.ActiveCfg = Debug|x64
		{FFDFA9C2-4379-4955-97B4-754812CF22AB}.Debug|x64.Build.0 = Debug|x64
		{FFDFA9C2-4379-4955-97B4-754812CF22AB}.Debug|x86.ActiveCfg = Debug|Win32
		{FFDFA9C2-4379-4955-97B4-754812CF22AB}.Debug|x86.Build.0 = Debug|Win32
		{FFDFA9C2-4379-4955-97B4-754812CF22AB}.Release|x64.ActiveCfg = Release|x64
		{FFDFA9C2-4379-4955-97B4-754812CF22AB}.Release|x64.Build.0 = Release|x64
		{FFDFA9C2-4379-4955-97B4-754812CF22AB}.Release|x86.ActiveCfg = Release|Win32
		{FFDFA9C2-4379-4955-97B4-754812CF22AB}.Release|x86.Build.0 = Release|Win32
	EndGlobalSection
	GlobalSection(SolutionProperties) = preSolution
		HideSolutionNode = FALSE
	EndGlobalSection
	GlobalSection(ExtensibilityGlobals) = postSolution
		SolutionGuid = {1B7F4463-85A4-4E22-A930-79E4288D57C6}
	EndGlobalSection
EndGlobal
