
Microsoft Visual Studio Solution File, Format Version 12.00
# Visual Studio Version 17
VisualStudioVersion = 17.11.35327.3
MinimumVisualStudioVersion = 10.0.40219.1
Project("{8BC9CEB8-8B4A-11D0-8D11-00A0C91BC942}") = "LR_8", "LR_8.vcxproj", "{FEFE4AFE-7144-497F-A334-833D56CD1661}"
EndProject
Global
	GlobalSection(SolutionConfigurationPlatforms) = preSolution
		Debug|x64 = Debug|x64
		Debug|x86 = Debug|x86
		Release|x64 = Release|x64
		Release|x86 = Release|x86
	EndGlobalSection
	GlobalSection(ProjectConfigurationPlatforms) = postSolution
		{FEFE4AFE-7144-497F-A334-833D56CD1661}.Debug|x64.ActiveCfg = Debug|x64
		{FEFE4AFE-7144-497F-A334-833D56CD1661}.Debug|x64.Build.0 = Debug|x64
		{FEFE4AFE-7144-497F-A334-833D56CD1661}.Debug|x86.ActiveCfg = Debug|Win32
		{FEFE4AFE-7144-497F-A334-833D56CD1661}.Debug|x86.Build.0 = Debug|Win32
		{FEFE4AFE-7144-497F-A334-833D56CD1661}.Release|x64.ActiveCfg = Release|x64
		{FEFE4AFE-7144-497F-A334-833D56CD1661}.Release|x64.Build.0 = Release|x64
		{FEFE4AFE-7144-497F-A334-833D56CD1661}.Release|x86.ActiveCfg = Release|Win32
		{FEFE4AFE-7144-497F-A334-833D56CD1661}.Release|x86.Build.0 = Release|Win32
	EndGlobalSection
	GlobalSection(SolutionProperties) = preSolution
		HideSolutionNode = FALSE
	EndGlobalSection
	GlobalSection(ExtensibilityGlobals) = postSolution
		SolutionGuid = {DF04353C-CB02-42BE-AA5B-6230E4B68E64}
	EndGlobalSection
EndGlobal
