
Microsoft Visual Studio Solution File, Format Version 12.00
# Visual Studio Version 17
VisualStudioVersion = 17.11.35222.181
MinimumVisualStudioVersion = 10.0.40219.1
Project("{8BC9CEB8-8B4A-11D0-8D11-00A0C91BC942}") = "laba3", "laba3\laba3.vcxproj", "{92234E8E-17B4-417D-B9ED-47923B020117}"
EndProject
Global
	GlobalSection(SolutionConfigurationPlatforms) = preSolution
		Debug|x64 = Debug|x64
		Debug|x86 = Debug|x86
		Release|x64 = Release|x64
		Release|x86 = Release|x86
	EndGlobalSection
	GlobalSection(ProjectConfigurationPlatforms) = postSolution
		{92234E8E-17B4-417D-B9ED-47923B020117}.Debug|x64.ActiveCfg = Debug|x64
		{92234E8E-17B4-417D-B9ED-47923B020117}.Debug|x64.Build.0 = Debug|x64
		{92234E8E-17B4-417D-B9ED-47923B020117}.Debug|x86.ActiveCfg = Debug|Win32
		{92234E8E-17B4-417D-B9ED-47923B020117}.Debug|x86.Build.0 = Debug|Win32
		{92234E8E-17B4-417D-B9ED-47923B020117}.Release|x64.ActiveCfg = Release|x64
		{92234E8E-17B4-417D-B9ED-47923B020117}.Release|x64.Build.0 = Release|x64
		{92234E8E-17B4-417D-B9ED-47923B020117}.Release|x86.ActiveCfg = Release|Win32
		{92234E8E-17B4-417D-B9ED-47923B020117}.Release|x86.Build.0 = Release|Win32
	EndGlobalSection
	GlobalSection(SolutionProperties) = preSolution
		HideSolutionNode = FALSE
	EndGlobalSection
	GlobalSection(ExtensibilityGlobals) = postSolution
		SolutionGuid = {B8F7DE94-720E-4561-A5F0-CB996AB783B0}
	EndGlobalSection
EndGlobal
