
Microsoft Visual Studio Solution File, Format Version 12.00
# Visual Studio Version 17
VisualStudioVersion = 17.11.35222.181
MinimumVisualStudioVersion = 10.0.40219.1
Project("{8BC9CEB8-8B4A-11D0-8D11-00A0C91BC942}") = "2", "2.vcxproj", "{BEE2B3DA-2A33-4B3A-B567-83F5146FEAD8}"
EndProject
Global
	GlobalSection(SolutionConfigurationPlatforms) = preSolution
		Debug|x64 = Debug|x64
		Debug|x86 = Debug|x86
		Release|x64 = Release|x64
		Release|x86 = Release|x86
	EndGlobalSection
	GlobalSection(ProjectConfigurationPlatforms) = postSolution
		{BEE2B3DA-2A33-4B3A-B567-83F5146FEAD8}.Debug|x64.ActiveCfg = Debug|x64
		{BEE2B3DA-2A33-4B3A-B567-83F5146FEAD8}.Debug|x64.Build.0 = Debug|x64
		{BEE2B3DA-2A33-4B3A-B567-83F5146FEAD8}.Debug|x86.ActiveCfg = Debug|Win32
		{BEE2B3DA-2A33-4B3A-B567-83F5146FEAD8}.Debug|x86.Build.0 = Debug|Win32
		{BEE2B3DA-2A33-4B3A-B567-83F5146FEAD8}.Release|x64.ActiveCfg = Release|x64
		{BEE2B3DA-2A33-4B3A-B567-83F5146FEAD8}.Release|x64.Build.0 = Release|x64
		{BEE2B3DA-2A33-4B3A-B567-83F5146FEAD8}.Release|x86.ActiveCfg = Release|Win32
		{BEE2B3DA-2A33-4B3A-B567-83F5146FEAD8}.Release|x86.Build.0 = Release|Win32
	EndGlobalSection
	GlobalSection(SolutionProperties) = preSolution
		HideSolutionNode = FALSE
	EndGlobalSection
	GlobalSection(ExtensibilityGlobals) = postSolution
		SolutionGuid = {EB1B0749-AFAB-4CB4-903A-5786D2D57B02}
	EndGlobalSection
EndGlobal
