
Microsoft Visual Studio Solution File, Format Version 12.00
# Visual Studio Version 17
VisualStudioVersion = 17.8.34525.116
MinimumVisualStudioVersion = 10.0.40219.1
Project("{8BC9CEB8-8B4A-11D0-8D11-00A0C91BC942}") = "ОФиП Лр3", "ОФиП Лр3\ОФиП Лр3.vcxproj", "{EACA1377-B1B7-48BC-A263-A6557A97B74D}"
EndProject
Global
	GlobalSection(SolutionConfigurationPlatforms) = preSolution
		Debug|x64 = Debug|x64
		Debug|x86 = Debug|x86
		Release|x64 = Release|x64
		Release|x86 = Release|x86
	EndGlobalSection
	GlobalSection(ProjectConfigurationPlatforms) = postSolution
		{EACA1377-B1B7-48BC-A263-A6557A97B74D}.Debug|x64.ActiveCfg = Debug|x64
		{EACA1377-B1B7-48BC-A263-A6557A97B74D}.Debug|x64.Build.0 = Debug|x64
		{EACA1377-B1B7-48BC-A263-A6557A97B74D}.Debug|x86.ActiveCfg = Debug|Win32
		{EACA1377-B1B7-48BC-A263-A6557A97B74D}.Debug|x86.Build.0 = Debug|Win32
		{EACA1377-B1B7-48BC-A263-A6557A97B74D}.Release|x64.ActiveCfg = Release|x64
		{EACA1377-B1B7-48BC-A263-A6557A97B74D}.Release|x64.Build.0 = Release|x64
		{EACA1377-B1B7-48BC-A263-A6557A97B74D}.Release|x86.ActiveCfg = Release|Win32
		{EACA1377-B1B7-48BC-A263-A6557A97B74D}.Release|x86.Build.0 = Release|Win32
	EndGlobalSection
	GlobalSection(SolutionProperties) = preSolution
		HideSolutionNode = FALSE
	EndGlobalSection
	GlobalSection(ExtensibilityGlobals) = postSolution
		SolutionGuid = {66F98D77-0B75-4CF8-AB01-B5E00232285C}
	EndGlobalSection
EndGlobal
